
Microsoft Visual Studio Solution File, Format Version 12.00
# Visual Studio Version 16
VisualStudioVersion = 16.0.31005.135
MinimumVisualStudioVersion = 10.0.40219.1
Project("{FAE04EC0-301F-11D3-BF4B-00C04F79EFBC}") = "CharNfoForms", "CharNfoForms\CharNfoForms.csproj", "{1D641FD7-2BA9-4A8A-9D53-DC1F85030BCF}"
EndProject
Global
	GlobalSection(SolutionConfigurationPlatforms) = preSolution
		Debug|Any CPU = Debug|Any CPU
		Release|Any CPU = Release|Any CPU
	EndGlobalSection
	GlobalSection(ProjectConfigurationPlatforms) = postSolution
		{1D641FD7-2BA9-4A8A-9D53-DC1F85030BCF}.Debug|Any CPU.ActiveCfg = Debug|Any CPU
		{1D641FD7-2BA9-4A8A-9D53-DC1F85030BCF}.Debug|Any CPU.Build.0 = Debug|Any CPU
		{1D641FD7-2BA9-4A8A-9D53-DC1F85030BCF}.Release|Any CPU.ActiveCfg = Release|Any CPU
		{1D641FD7-2BA9-4A8A-9D53-DC1F85030BCF}.Release|Any CPU.Build.0 = Release|Any CPU
	EndGlobalSection
	GlobalSection(SolutionProperties) = preSolution
		HideSolutionNode = FALSE
	EndGlobalSection
	GlobalSection(ExtensibilityGlobals) = postSolution
		SolutionGuid = {BB115C0E-D2E8-428F-9819-11113726E43C}
	EndGlobalSection
EndGlobal
